<?xml version="1.0" encoding="utf-8"?>
<Project ToolsVersion="4.0" xmlns="http://schemas.microsoft.com/developer/msbuild/2003">
  <ItemGroup>
    <Filter Include="Source Files">
      <UniqueIdentifier>{4FC737F1-C7A5-4376-A066-2A32D752A2FF}</UniqueIdentifier>
      <Extensions>cpp;c;cc;cxx;def;odl;idl;hpj;bat;asm;asmx</Extensions>
    </Filter>
    <Filter Include="Header Files">
      <UniqueIdentifier>{93995380-89BD-4b04-88EB-625FBE52EBFB}</UniqueIdentifier>
      <Extensions>h;hpp;hxx;hm;inl;inc;xsd</Extensions>
    </Filter>
    <Filter Include="Resource Files">
      <UniqueIdentifier>{67DA6AB6-F800-4c08-8B7A-83BB121AAD01}</UniqueIdentifier>
      <Extensions>rc;ico;cur;bmp;dlg;rc2;rct;bin;rgs;gif;jpg;jpeg;jpe;resx;tiff;tif;png;wav;mfcribbon-ms</Extensions>
    </Filter>
  </ItemGroup>
  <ItemGroup>
    <None Include="ReadMe.txt" />
  </ItemGroup>
  <ItemGroup>
    <ClInclude Include="AROADover.h">
      <Filter>Header Files</Filter>
    </ClInclude>
    <ClInclude Include="DoubleContainer.h">
      <Filter>Header Files</Filter>
    </ClInclude>
    <ClInclude Include="DoubleDataContainer.h">
      <Filter>Header Files</Filter>
    </ClInclude>
    <ClInclude Include="FractalDataContainer.h">
      <Filter>Header Files</Filter>
    </ClInclude>
    <ClInclude Include="FractalDataContainerCollection.h">
      <Filter>Header Files</Filter>
    </ClInclude>
    <ClInclude Include="IChannelsMixing.h">
      <Filter>Header Files</Filter>
    </ClInclude>
    <ClInclude Include="IFractalDataContainerCollection.h">
      <Filter>Header Files</Filter>
    </ClInclude>
    <ClInclude Include="IRawDataBuffer.h">
      <Filter>Header Files</Filter>
    </ClInclude>
    <ClInclude Include="LminusRMixingChannels.h">
      <Filter>Header Files</Filter>
    </ClInclude>
    <ClInclude Include="LplusRMixingChannels.h">
      <Filter>Header Files</Filter>
    </ClInclude>
    <ClInclude Include="MixingChannelsMode.h">
      <Filter>Header Files</Filter>
    </ClInclude>
    <ClInclude Include="NoneMixingChannels.h">
      <Filter>Header Files</Filter>
    </ClInclude>
    <ClInclude Include="RawDataBuffer.h">
      <Filter>Header Files</Filter>
    </ClInclude>
    <ClInclude Include="Result.h">
      <Filter>Header Files</Filter>
    </ClInclude>
    <ClInclude Include="ROADdataBuffer.h">
      <Filter>Header Files</Filter>
    </ClInclude>
    <ClInclude Include="ROADFormat.h">
      <Filter>Header Files</Filter>
    </ClInclude>
    <ClInclude Include="ROADManager.h">
      <Filter>Header Files</Filter>
    </ClInclude>
    <ClInclude Include="roadover_global.h">
      <Filter>Header Files</Filter>
    </ClInclude>
    <ClInclude Include="ROADoverDecodingOptions.h">
      <Filter>Header Files</Filter>
    </ClInclude>
    <ClInclude Include="UCharDataContainer.h">
      <Filter>Header Files</Filter>
    </ClInclude>
    <ClInclude Include="UIntDataContainer.h">
      <Filter>Header Files</Filter>
    </ClInclude>
  </ItemGroup>
  <ItemGroup>
    <ClCompile Include="AROADover.cpp">
      <Filter>Source Files</Filter>
    </ClCompile>
    <ClCompile Include="DoubleContainer.cpp">
      <Filter>Source Files</Filter>
    </ClCompile>
    <ClCompile Include="DoubleDataContainer.cpp">
      <Filter>Source Files</Filter>
    </ClCompile>
    <ClCompile Include="FractalDataContainer.cpp">
      <Filter>Source Files</Filter>
    </ClCompile>
    <ClCompile Include="FractalDataContainerCollection.cpp">
      <Filter>Source Files</Filter>
    </ClCompile>
    <ClCompile Include="IChannelsMixing.cpp">
      <Filter>Source Files</Filter>
    </ClCompile>
    <ClCompile Include="IFractalDataContainerCollection.cpp">
      <Filter>Source Files</Filter>
    </ClCompile>
    <ClCompile Include="IRawDataBuffer.cpp">
      <Filter>Source Files</Filter>
    </ClCompile>
    <ClCompile Include="LminusRMixingChannels.cpp">
      <Filter>Source Files</Filter>
    </ClCompile>
    <ClCompile Include="LplusRMixingChannels.cpp">
      <Filter>Source Files</Filter>
    </ClCompile>
    <ClCompile Include="MixingChannelsMode.cpp">
      <Filter>Source Files</Filter>
    </ClCompile>
    <ClCompile Include="NoneMixingChannels.cpp">
      <Filter>Source Files</Filter>
    </ClCompile>
    <ClCompile Include="RawDataBuffer.cpp">
      <Filter>Source Files</Filter>
    </ClCompile>
    <ClCompile Include="Result.cpp">
      <Filter>Source Files</Filter>
    </ClCompile>
    <ClCompile Include="ROADdataBuffer.cpp">
      <Filter>Source Files</Filter>
    </ClCompile>
    <ClCompile Include="ROADFormat.cpp">
      <Filter>Source Files</Filter>
    </ClCompile>
    <ClCompile Include="ROADManager.cpp">
      <Filter>Source Files</Filter>
    </ClCompile>
    <ClCompile Include="ROADoverDecodingOptions.cpp">
      <Filter>Source Files</Filter>
    </ClCompile>
    <ClCompile Include="UCharDataContainer.cpp">
      <Filter>Source Files</Filter>
    </ClCompile>
    <ClCompile Include="UIntDataContainer.cpp">
      <Filter>Source Files</Filter>
    </ClCompile>
  </ItemGroup>
</Project>